
Microsoft Visual Studio Solution File, Format Version 12.00
# Visual Studio 15
VisualStudioVersion = 15.0.28010.2048
MinimumVisualStudioVersion = 10.0.40219.1
Project("{FAE04EC0-301F-11D3-BF4B-00C04F79EFBC}") = "SuperAdventure", "SuperAdventure\SuperAdventure.csproj", "{7DEBD54E-B529-417E-8DEA-D618BDE74EE1}"
EndProject
Project("{FAE04EC0-301F-11D3-BF4B-00C04F79EFBC}") = "Engine", "Engine\Engine.csproj", "{6D542FFB-B178-452F-928C-ACF78E3547D3}"
EndProject
Global
	GlobalSection(SolutionConfigurationPlatforms) = preSolution
		Debug|Any CPU = Debug|Any CPU
		Release|Any CPU = Release|Any CPU
	EndGlobalSection
	GlobalSection(ProjectConfigurationPlatforms) = postSolution
		{7DEBD54E-B529-417E-8DEA-D618BDE74EE1}.Debug|Any CPU.ActiveCfg = Debug|Any CPU
		{7DEBD54E-B529-417E-8DEA-D618BDE74EE1}.Debug|Any CPU.Build.0 = Debug|Any CPU
		{7DEBD54E-B529-417E-8DEA-D618BDE74EE1}.Release|Any CPU.ActiveCfg = Release|Any CPU
		{7DEBD54E-B529-417E-8DEA-D618BDE74EE1}.Release|Any CPU.Build.0 = Release|Any CPU
		{6D542FFB-B178-452F-928C-ACF78E3547D3}.Debug|Any CPU.ActiveCfg = Debug|Any CPU
		{6D542FFB-B178-452F-928C-ACF78E3547D3}.Debug|Any CPU.Build.0 = Debug|Any CPU
		{6D542FFB-B178-452F-928C-ACF78E3547D3}.Release|Any CPU.ActiveCfg = Release|Any CPU
		{6D542FFB-B178-452F-928C-ACF78E3547D3}.Release|Any CPU.Build.0 = Release|Any CPU
	EndGlobalSection
	GlobalSection(SolutionProperties) = preSolution
		HideSolutionNode = FALSE
	EndGlobalSection
	GlobalSection(ExtensibilityGlobals) = postSolution
		SolutionGuid = {15627F5E-8436-40FE-87DD-0AFF7A55BBDC}
	EndGlobalSection
EndGlobal
